
Microsoft Visual Studio Solution File, Format Version 12.00
Project("{FAE04EC0-301F-11D3-BF4B-00C04F79EFBC}") = "In.Common", "In.Common\In.Common.csproj", "{DF90D041-F686-4D4C-9DE6-1958C90CC4BB}"
EndProject
Project("{FAE04EC0-301F-11D3-BF4B-00C04F79EFBC}") = "In.Cqrs.Nats", "In.Cqrs.Nats\In.Cqrs.Nats.csproj", "{553B103D-9172-4B4E-B7CB-52B41C16B4F5}"
EndProject
Project("{FAE04EC0-301F-11D3-BF4B-00C04F79EFBC}") = "In.FunctionalCSharp", "In.FunctionalCSharp\In.FunctionalCSharp.csproj", "{8BC0B99F-E744-4F43-9527-19684B2C1BC3}"
EndProject
Project("{FAE04EC0-301F-11D3-BF4B-00C04F79EFBC}") = "In.Specifications", "In.Specifications\In.Specifications.csproj", "{E24001C3-2B42-4CE1-BEC1-791FF2946EE0}"
EndProject
Project("{FAE04EC0-301F-11D3-BF4B-00C04F79EFBC}") = "In.DDD", "In.DDD\In.DDD.csproj", "{26BB79A6-0230-4822-B498-6312F406A790}"
EndProject
Project("{FAE04EC0-301F-11D3-BF4B-00C04F79EFBC}") = "In.Logging", "In.Logging\In.Logging.csproj", "{A5014283-6F44-49FE-A4B7-7B31185768CF}"
EndProject
Project("{FAE04EC0-301F-11D3-BF4B-00C04F79EFBC}") = "In.DataAccess", "In.DataAccess\In.DataAccess.csproj", "{A7F6939B-5160-410C-95C5-9D244CDF7555}"
EndProject
Project("{FAE04EC0-301F-11D3-BF4B-00C04F79EFBC}") = "In.Cqrs.Query", "In.Cqrs.Query\In.Cqrs.Query.csproj", "{2A0C7133-80B8-4834-8F0B-4A52B0DBCAC2}"
EndProject
Project("{FAE04EC0-301F-11D3-BF4B-00C04F79EFBC}") = "In.Cqrs.Command", "In.Cqrs.Command\In.Cqrs.Command.csproj", "{7653CCA9-26D1-4DAA-A2DA-EA6B1F369882}"
EndProject
Project("{FAE04EC0-301F-11D3-BF4B-00C04F79EFBC}") = "In.Cqrs.Command.Nats", "In.Cqrs.Command.Nats\In.Cqrs.Command.Nats.csproj", "{64649B5C-980C-4FA2-846C-B64579D28522}"
EndProject
Project("{FAE04EC0-301F-11D3-BF4B-00C04F79EFBC}") = "In.Cqrs.Query.Nats", "In.Cqrs.Query.Nats\In.Cqrs.Query.Nats.csproj", "{864C4FDD-94CE-48E2-976B-AE660EFC774B}"
EndProject
Project("{2150E333-8FDC-42A3-9474-1A3956D46DE8}") = "Cqrs", "Cqrs", "{61253461-E662-4A1E-8C2B-9558319F0DE9}"
EndProject
Project("{2150E333-8FDC-42A3-9474-1A3956D46DE8}") = "DataAccess", "DataAccess", "{C9DEF7D4-EE1C-4E99-80D7-5C3F8BA27DE1}"
EndProject
Project("{FAE04EC0-301F-11D3-BF4B-00C04F79EFBC}") = "In.DataAccess.EfCore", "In.DataAccess.EfCore\In.DataAccess.EfCore.csproj", "{DC0397B8-3396-42F9-BE66-9798E3F12A40}"
EndProject
Project("{FAE04EC0-301F-11D3-BF4B-00C04F79EFBC}") = "In.DataAccess.Mongo", "In.DataAccess.Mongo\In.DataAccess.Mongo.csproj", "{BFAB2FC9-57B9-44CB-BF6D-CCC0775A80D3}"
EndProject
Project("{FAE04EC0-301F-11D3-BF4B-00C04F79EFBC}") = "In.Web", "In.Web\In.Web.csproj", "{20B88CE5-967A-4C60-8095-8470EE8827B3}"
EndProject
Project("{FAE04EC0-301F-11D3-BF4B-00C04F79EFBC}") = "In.DataMapping", "In.DataMapping\In.DataMapping.csproj", "{4C3C2A5E-049D-46D2-BCA3-CF40938F0530}"
EndProject
Project("{2150E333-8FDC-42A3-9474-1A3956D46DE8}") = "DataMapping", "DataMapping", "{E7CAA7B6-A2F2-4E02-B890-E201A8F54C2B}"
EndProject
Project("{FAE04EC0-301F-11D3-BF4B-00C04F79EFBC}") = "In.DataMapping.Automapper", "In.DataMapping.Automapper\In.DataMapping.Automapper.csproj", "{6879C586-F096-4D73-803A-2A4F556121F9}"
EndProject
Project("{FAE04EC0-301F-11D3-BF4B-00C04F79EFBC}") = "In.Auth", "In.Auth\In.Auth.csproj", "{95BA5DA0-B191-4789-9811-6D0CD2AC40DF}"
EndProject
Project("{FAE04EC0-301F-11D3-BF4B-00C04F79EFBC}") = "In.Cqrs.Command.Simple", "In.Cqrs.Command.Simple\In.Cqrs.Command.Simple.csproj", "{76619CA9-2F62-4046-981B-66CC5AA3DF39}"
EndProject
Project("{FAE04EC0-301F-11D3-BF4B-00C04F79EFBC}") = "In.Cqrs.Query.Simple", "In.Cqrs.Query.Simple\In.Cqrs.Query.Simple.csproj", "{88032DFC-CCE4-498D-9BB3-E8D16EFF4D46}"
EndProject
Project("{2150E333-8FDC-42A3-9474-1A3956D46DE8}") = "Auth", "Auth", "{AF897EF2-A9BF-4871-A209-79C64ECCA78E}"
EndProject
Project("{FAE04EC0-301F-11D3-BF4B-00C04F79EFBC}") = "In.Auth.Identity.Server", "In.Auth.Identity.Server\In.Auth.Identity.Server.csproj", "{81A510ED-6C3A-42B2-9B41-76B637EC55E4}"
EndProject
Project("{2150E333-8FDC-42A3-9474-1A3956D46DE8}") = "Helpers", "Helpers", "{DAA96958-7846-495E-8F61-01A45B5ABD58}"
EndProject
Project("{2150E333-8FDC-42A3-9474-1A3956D46DE8}") = "Customizations", "Customizations", "{BB0CAC32-9F81-42DD-B550-16681FBC9C4C}"
EndProject
Project("{2150E333-8FDC-42A3-9474-1A3956D46DE8}") = "Customizations", "Customizations", "{78DD0866-7306-4D08-A34F-DFD0A2B4C93E}"
EndProject
Project("{2150E333-8FDC-42A3-9474-1A3956D46DE8}") = "Customizations", "Customizations", "{3C168146-81CD-4C2F-87A8-F84117C360F7}"
EndProject
Project("{FAE04EC0-301F-11D3-BF4B-00C04F79EFBC}") = "In.AppBuilder", "In.AppBuilder\In.AppBuilder.csproj", "{5EE9A61C-1880-46E1-9422-5D0F31086B8A}"
EndProject
Global
	GlobalSection(SolutionConfigurationPlatforms) = preSolution
		Debug|Any CPU = Debug|Any CPU
		Release|Any CPU = Release|Any CPU
	EndGlobalSection
	GlobalSection(ProjectConfigurationPlatforms) = postSolution
		{DF90D041-F686-4D4C-9DE6-1958C90CC4BB}.Debug|Any CPU.ActiveCfg = Debug|Any CPU
		{DF90D041-F686-4D4C-9DE6-1958C90CC4BB}.Debug|Any CPU.Build.0 = Debug|Any CPU
		{DF90D041-F686-4D4C-9DE6-1958C90CC4BB}.Release|Any CPU.ActiveCfg = Release|Any CPU
		{DF90D041-F686-4D4C-9DE6-1958C90CC4BB}.Release|Any CPU.Build.0 = Release|Any CPU
		{553B103D-9172-4B4E-B7CB-52B41C16B4F5}.Debug|Any CPU.ActiveCfg = Debug|Any CPU
		{553B103D-9172-4B4E-B7CB-52B41C16B4F5}.Debug|Any CPU.Build.0 = Debug|Any CPU
		{553B103D-9172-4B4E-B7CB-52B41C16B4F5}.Release|Any CPU.ActiveCfg = Release|Any CPU
		{553B103D-9172-4B4E-B7CB-52B41C16B4F5}.Release|Any CPU.Build.0 = Release|Any CPU
		{8BC0B99F-E744-4F43-9527-19684B2C1BC3}.Debug|Any CPU.ActiveCfg = Debug|Any CPU
		{8BC0B99F-E744-4F43-9527-19684B2C1BC3}.Debug|Any CPU.Build.0 = Debug|Any CPU
		{8BC0B99F-E744-4F43-9527-19684B2C1BC3}.Release|Any CPU.ActiveCfg = Release|Any CPU
		{8BC0B99F-E744-4F43-9527-19684B2C1BC3}.Release|Any CPU.Build.0 = Release|Any CPU
		{E24001C3-2B42-4CE1-BEC1-791FF2946EE0}.Debug|Any CPU.ActiveCfg = Debug|Any CPU
		{E24001C3-2B42-4CE1-BEC1-791FF2946EE0}.Debug|Any CPU.Build.0 = Debug|Any CPU
		{E24001C3-2B42-4CE1-BEC1-791FF2946EE0}.Release|Any CPU.ActiveCfg = Release|Any CPU
		{E24001C3-2B42-4CE1-BEC1-791FF2946EE0}.Release|Any CPU.Build.0 = Release|Any CPU
		{26BB79A6-0230-4822-B498-6312F406A790}.Debug|Any CPU.ActiveCfg = Debug|Any CPU
		{26BB79A6-0230-4822-B498-6312F406A790}.Debug|Any CPU.Build.0 = Debug|Any CPU
		{26BB79A6-0230-4822-B498-6312F406A790}.Release|Any CPU.ActiveCfg = Release|Any CPU
		{26BB79A6-0230-4822-B498-6312F406A790}.Release|Any CPU.Build.0 = Release|Any CPU
		{A5014283-6F44-49FE-A4B7-7B31185768CF}.Debug|Any CPU.ActiveCfg = Debug|Any CPU
		{A5014283-6F44-49FE-A4B7-7B31185768CF}.Debug|Any CPU.Build.0 = Debug|Any CPU
		{A5014283-6F44-49FE-A4B7-7B31185768CF}.Release|Any CPU.ActiveCfg = Release|Any CPU
		{A5014283-6F44-49FE-A4B7-7B31185768CF}.Release|Any CPU.Build.0 = Release|Any CPU
		{A7F6939B-5160-410C-95C5-9D244CDF7555}.Debug|Any CPU.ActiveCfg = Debug|Any CPU
		{A7F6939B-5160-410C-95C5-9D244CDF7555}.Debug|Any CPU.Build.0 = Debug|Any CPU
		{A7F6939B-5160-410C-95C5-9D244CDF7555}.Release|Any CPU.ActiveCfg = Release|Any CPU
		{A7F6939B-5160-410C-95C5-9D244CDF7555}.Release|Any CPU.Build.0 = Release|Any CPU
		{2A0C7133-80B8-4834-8F0B-4A52B0DBCAC2}.Debug|Any CPU.ActiveCfg = Debug|Any CPU
		{2A0C7133-80B8-4834-8F0B-4A52B0DBCAC2}.Debug|Any CPU.Build.0 = Debug|Any CPU
		{2A0C7133-80B8-4834-8F0B-4A52B0DBCAC2}.Release|Any CPU.ActiveCfg = Release|Any CPU
		{2A0C7133-80B8-4834-8F0B-4A52B0DBCAC2}.Release|Any CPU.Build.0 = Release|Any CPU
		{7653CCA9-26D1-4DAA-A2DA-EA6B1F369882}.Debug|Any CPU.ActiveCfg = Debug|Any CPU
		{7653CCA9-26D1-4DAA-A2DA-EA6B1F369882}.Debug|Any CPU.Build.0 = Debug|Any CPU
		{7653CCA9-26D1-4DAA-A2DA-EA6B1F369882}.Release|Any CPU.ActiveCfg = Release|Any CPU
		{7653CCA9-26D1-4DAA-A2DA-EA6B1F369882}.Release|Any CPU.Build.0 = Release|Any CPU
		{64649B5C-980C-4FA2-846C-B64579D28522}.Debug|Any CPU.ActiveCfg = Debug|Any CPU
		{64649B5C-980C-4FA2-846C-B64579D28522}.Debug|Any CPU.Build.0 = Debug|Any CPU
		{64649B5C-980C-4FA2-846C-B64579D28522}.Release|Any CPU.ActiveCfg = Release|Any CPU
		{64649B5C-980C-4FA2-846C-B64579D28522}.Release|Any CPU.Build.0 = Release|Any CPU
		{864C4FDD-94CE-48E2-976B-AE660EFC774B}.Debug|Any CPU.ActiveCfg = Debug|Any CPU
		{864C4FDD-94CE-48E2-976B-AE660EFC774B}.Debug|Any CPU.Build.0 = Debug|Any CPU
		{864C4FDD-94CE-48E2-976B-AE660EFC774B}.Release|Any CPU.ActiveCfg = Release|Any CPU
		{864C4FDD-94CE-48E2-976B-AE660EFC774B}.Release|Any CPU.Build.0 = Release|Any CPU
		{DC0397B8-3396-42F9-BE66-9798E3F12A40}.Debug|Any CPU.ActiveCfg = Debug|Any CPU
		{DC0397B8-3396-42F9-BE66-9798E3F12A40}.Debug|Any CPU.Build.0 = Debug|Any CPU
		{DC0397B8-3396-42F9-BE66-9798E3F12A40}.Release|Any CPU.ActiveCfg = Release|Any CPU
		{DC0397B8-3396-42F9-BE66-9798E3F12A40}.Release|Any CPU.Build.0 = Release|Any CPU
		{BFAB2FC9-57B9-44CB-BF6D-CCC0775A80D3}.Debug|Any CPU.ActiveCfg = Debug|Any CPU
		{BFAB2FC9-57B9-44CB-BF6D-CCC0775A80D3}.Debug|Any CPU.Build.0 = Debug|Any CPU
		{BFAB2FC9-57B9-44CB-BF6D-CCC0775A80D3}.Release|Any CPU.ActiveCfg = Release|Any CPU
		{BFAB2FC9-57B9-44CB-BF6D-CCC0775A80D3}.Release|Any CPU.Build.0 = Release|Any CPU
		{20B88CE5-967A-4C60-8095-8470EE8827B3}.Debug|Any CPU.ActiveCfg = Debug|Any CPU
		{20B88CE5-967A-4C60-8095-8470EE8827B3}.Debug|Any CPU.Build.0 = Debug|Any CPU
		{20B88CE5-967A-4C60-8095-8470EE8827B3}.Release|Any CPU.ActiveCfg = Release|Any CPU
		{20B88CE5-967A-4C60-8095-8470EE8827B3}.Release|Any CPU.Build.0 = Release|Any CPU
		{4C3C2A5E-049D-46D2-BCA3-CF40938F0530}.Debug|Any CPU.ActiveCfg = Debug|Any CPU
		{4C3C2A5E-049D-46D2-BCA3-CF40938F0530}.Debug|Any CPU.Build.0 = Debug|Any CPU
		{4C3C2A5E-049D-46D2-BCA3-CF40938F0530}.Release|Any CPU.ActiveCfg = Release|Any CPU
		{4C3C2A5E-049D-46D2-BCA3-CF40938F0530}.Release|Any CPU.Build.0 = Release|Any CPU
		{6879C586-F096-4D73-803A-2A4F556121F9}.Debug|Any CPU.ActiveCfg = Debug|Any CPU
		{6879C586-F096-4D73-803A-2A4F556121F9}.Debug|Any CPU.Build.0 = Debug|Any CPU
		{6879C586-F096-4D73-803A-2A4F556121F9}.Release|Any CPU.ActiveCfg = Release|Any CPU
		{6879C586-F096-4D73-803A-2A4F556121F9}.Release|Any CPU.Build.0 = Release|Any CPU
		{95BA5DA0-B191-4789-9811-6D0CD2AC40DF}.Debug|Any CPU.ActiveCfg = Debug|Any CPU
		{95BA5DA0-B191-4789-9811-6D0CD2AC40DF}.Debug|Any CPU.Build.0 = Debug|Any CPU
		{95BA5DA0-B191-4789-9811-6D0CD2AC40DF}.Release|Any CPU.ActiveCfg = Release|Any CPU
		{95BA5DA0-B191-4789-9811-6D0CD2AC40DF}.Release|Any CPU.Build.0 = Release|Any CPU
		{76619CA9-2F62-4046-981B-66CC5AA3DF39}.Debug|Any CPU.ActiveCfg = Debug|Any CPU
		{76619CA9-2F62-4046-981B-66CC5AA3DF39}.Debug|Any CPU.Build.0 = Debug|Any CPU
		{76619CA9-2F62-4046-981B-66CC5AA3DF39}.Release|Any CPU.ActiveCfg = Release|Any CPU
		{76619CA9-2F62-4046-981B-66CC5AA3DF39}.Release|Any CPU.Build.0 = Release|Any CPU
		{88032DFC-CCE4-498D-9BB3-E8D16EFF4D46}.Debug|Any CPU.ActiveCfg = Debug|Any CPU
		{88032DFC-CCE4-498D-9BB3-E8D16EFF4D46}.Debug|Any CPU.Build.0 = Debug|Any CPU
		{88032DFC-CCE4-498D-9BB3-E8D16EFF4D46}.Release|Any CPU.ActiveCfg = Release|Any CPU
		{88032DFC-CCE4-498D-9BB3-E8D16EFF4D46}.Release|Any CPU.Build.0 = Release|Any CPU
		{81A510ED-6C3A-42B2-9B41-76B637EC55E4}.Debug|Any CPU.ActiveCfg = Debug|Any CPU
		{81A510ED-6C3A-42B2-9B41-76B637EC55E4}.Debug|Any CPU.Build.0 = Debug|Any CPU
		{81A510ED-6C3A-42B2-9B41-76B637EC55E4}.Release|Any CPU.ActiveCfg = Release|Any CPU
		{81A510ED-6C3A-42B2-9B41-76B637EC55E4}.Release|Any CPU.Build.0 = Release|Any CPU
		{5EE9A61C-1880-46E1-9422-5D0F31086B8A}.Debug|Any CPU.ActiveCfg = Debug|Any CPU
		{5EE9A61C-1880-46E1-9422-5D0F31086B8A}.Debug|Any CPU.Build.0 = Debug|Any CPU
		{5EE9A61C-1880-46E1-9422-5D0F31086B8A}.Release|Any CPU.ActiveCfg = Release|Any CPU
		{5EE9A61C-1880-46E1-9422-5D0F31086B8A}.Release|Any CPU.Build.0 = Release|Any CPU
	EndGlobalSection
	GlobalSection(NestedProjects) = preSolution
		{E24001C3-2B42-4CE1-BEC1-791FF2946EE0} = {DAA96958-7846-495E-8F61-01A45B5ABD58}
		{8BC0B99F-E744-4F43-9527-19684B2C1BC3} = {DAA96958-7846-495E-8F61-01A45B5ABD58}
		{95BA5DA0-B191-4789-9811-6D0CD2AC40DF} = {AF897EF2-A9BF-4871-A209-79C64ECCA78E}
		{BB0CAC32-9F81-42DD-B550-16681FBC9C4C} = {61253461-E662-4A1E-8C2B-9558319F0DE9}
		{76619CA9-2F62-4046-981B-66CC5AA3DF39} = {BB0CAC32-9F81-42DD-B550-16681FBC9C4C}
		{64649B5C-980C-4FA2-846C-B64579D28522} = {BB0CAC32-9F81-42DD-B550-16681FBC9C4C}
		{864C4FDD-94CE-48E2-976B-AE660EFC774B} = {BB0CAC32-9F81-42DD-B550-16681FBC9C4C}
		{88032DFC-CCE4-498D-9BB3-E8D16EFF4D46} = {BB0CAC32-9F81-42DD-B550-16681FBC9C4C}
		{2A0C7133-80B8-4834-8F0B-4A52B0DBCAC2} = {61253461-E662-4A1E-8C2B-9558319F0DE9}
		{7653CCA9-26D1-4DAA-A2DA-EA6B1F369882} = {61253461-E662-4A1E-8C2B-9558319F0DE9}
		{78DD0866-7306-4D08-A34F-DFD0A2B4C93E} = {C9DEF7D4-EE1C-4E99-80D7-5C3F8BA27DE1}
		{DC0397B8-3396-42F9-BE66-9798E3F12A40} = {78DD0866-7306-4D08-A34F-DFD0A2B4C93E}
		{BFAB2FC9-57B9-44CB-BF6D-CCC0775A80D3} = {78DD0866-7306-4D08-A34F-DFD0A2B4C93E}
		{A7F6939B-5160-410C-95C5-9D244CDF7555} = {C9DEF7D4-EE1C-4E99-80D7-5C3F8BA27DE1}
		{3C168146-81CD-4C2F-87A8-F84117C360F7} = {E7CAA7B6-A2F2-4E02-B890-E201A8F54C2B}
		{4C3C2A5E-049D-46D2-BCA3-CF40938F0530} = {E7CAA7B6-A2F2-4E02-B890-E201A8F54C2B}
		{6879C586-F096-4D73-803A-2A4F556121F9} = {3C168146-81CD-4C2F-87A8-F84117C360F7}
		{5EE9A61C-1880-46E1-9422-5D0F31086B8A} = {DAA96958-7846-495E-8F61-01A45B5ABD58}
		{553B103D-9172-4B4E-B7CB-52B41C16B4F5} = {61253461-E662-4A1E-8C2B-9558319F0DE9}
		{81A510ED-6C3A-42B2-9B41-76B637EC55E4} = {AF897EF2-A9BF-4871-A209-79C64ECCA78E}
	EndGlobalSection
EndGlobal
