
Microsoft Visual Studio Solution File, Format Version 12.00
Project("{FAE04EC0-301F-11D3-BF4B-00C04F79EFBC}") = "In.Common", "In.Common\In.Common.csproj", "{DF90D041-F686-4D4C-9DE6-1958C90CC4BB}"
EndProject
Project("{FAE04EC0-301F-11D3-BF4B-00C04F79EFBC}") = "In.Cqrs.Nats", "In.Cqrs.Nats\In.Cqrs.Nats.csproj", "{553B103D-9172-4B4E-B7CB-52B41C16B4F5}"
EndProject
Project("{FAE04EC0-301F-11D3-BF4B-00C04F79EFBC}") = "In.FunctionalCSharp", "In.FunctionalCSharp\In.FunctionalCSharp.csproj", "{8BC0B99F-E744-4F43-9527-19684B2C1BC3}"
EndProject
Project("{FAE04EC0-301F-11D3-BF4B-00C04F79EFBC}") = "In.Specifications", "In.Specifications\In.Specifications.csproj", "{E24001C3-2B42-4CE1-BEC1-791FF2946EE0}"
EndProject
Project("{FAE04EC0-301F-11D3-BF4B-00C04F79EFBC}") = "In.DDD", "In.DDD\In.DDD.csproj", "{26BB79A6-0230-4822-B498-6312F406A790}"
EndProject
Project("{FAE04EC0-301F-11D3-BF4B-00C04F79EFBC}") = "In.Logging", "In.Logging\In.Logging.csproj", "{A5014283-6F44-49FE-A4B7-7B31185768CF}"
EndProject
Project("{FAE04EC0-301F-11D3-BF4B-00C04F79EFBC}") = "In.DataAccess", "In.DataAccess\In.DataAccess.csproj", "{A7F6939B-5160-410C-95C5-9D244CDF7555}"
EndProject
Project("{FAE04EC0-301F-11D3-BF4B-00C04F79EFBC}") = "In.Cqrs.Query", "In.Cqrs.Query\In.Cqrs.Query.csproj", "{2A0C7133-80B8-4834-8F0B-4A52B0DBCAC2}"
EndProject
Project("{FAE04EC0-301F-11D3-BF4B-00C04F79EFBC}") = "In.Cqrs.Query.EfCore", "In.Cqrs.Query.EfCore\In.Cqrs.Query.EfCore.csproj", "{32FC84D9-F1E5-459C-8A32-07D4822BFEFD}"
EndProject
Project("{FAE04EC0-301F-11D3-BF4B-00C04F79EFBC}") = "In.Cqrs.Command", "In.Cqrs.Command\In.Cqrs.Command.csproj", "{7653CCA9-26D1-4DAA-A2DA-EA6B1F369882}"
EndProject
Project("{2150E333-8FDC-42A3-9474-1A3956D46DE8}") = "Costumizations", "Costumizations", "{CBF8B0D1-BBD8-4ED5-BDFE-F5EDFD08D5C3}"
EndProject
Project("{FAE04EC0-301F-11D3-BF4B-00C04F79EFBC}") = "In.Cqrs.Command.Nats", "In.Cqrs.Command.Nats\In.Cqrs.Command.Nats.csproj", "{64649B5C-980C-4FA2-846C-B64579D28522}"
EndProject
Project("{FAE04EC0-301F-11D3-BF4B-00C04F79EFBC}") = "In.Cqrs.Query.Nats", "In.Cqrs.Query.Nats\In.Cqrs.Query.Nats.csproj", "{864C4FDD-94CE-48E2-976B-AE660EFC774B}"
EndProject
Global
	GlobalSection(SolutionConfigurationPlatforms) = preSolution
		Debug|Any CPU = Debug|Any CPU
		Release|Any CPU = Release|Any CPU
	EndGlobalSection
	GlobalSection(ProjectConfigurationPlatforms) = postSolution
		{DF90D041-F686-4D4C-9DE6-1958C90CC4BB}.Debug|Any CPU.ActiveCfg = Debug|Any CPU
		{DF90D041-F686-4D4C-9DE6-1958C90CC4BB}.Debug|Any CPU.Build.0 = Debug|Any CPU
		{DF90D041-F686-4D4C-9DE6-1958C90CC4BB}.Release|Any CPU.ActiveCfg = Release|Any CPU
		{DF90D041-F686-4D4C-9DE6-1958C90CC4BB}.Release|Any CPU.Build.0 = Release|Any CPU
		{553B103D-9172-4B4E-B7CB-52B41C16B4F5}.Debug|Any CPU.ActiveCfg = Debug|Any CPU
		{553B103D-9172-4B4E-B7CB-52B41C16B4F5}.Debug|Any CPU.Build.0 = Debug|Any CPU
		{553B103D-9172-4B4E-B7CB-52B41C16B4F5}.Release|Any CPU.ActiveCfg = Release|Any CPU
		{553B103D-9172-4B4E-B7CB-52B41C16B4F5}.Release|Any CPU.Build.0 = Release|Any CPU
		{8BC0B99F-E744-4F43-9527-19684B2C1BC3}.Debug|Any CPU.ActiveCfg = Debug|Any CPU
		{8BC0B99F-E744-4F43-9527-19684B2C1BC3}.Debug|Any CPU.Build.0 = Debug|Any CPU
		{8BC0B99F-E744-4F43-9527-19684B2C1BC3}.Release|Any CPU.ActiveCfg = Release|Any CPU
		{8BC0B99F-E744-4F43-9527-19684B2C1BC3}.Release|Any CPU.Build.0 = Release|Any CPU
		{E24001C3-2B42-4CE1-BEC1-791FF2946EE0}.Debug|Any CPU.ActiveCfg = Debug|Any CPU
		{E24001C3-2B42-4CE1-BEC1-791FF2946EE0}.Debug|Any CPU.Build.0 = Debug|Any CPU
		{E24001C3-2B42-4CE1-BEC1-791FF2946EE0}.Release|Any CPU.ActiveCfg = Release|Any CPU
		{E24001C3-2B42-4CE1-BEC1-791FF2946EE0}.Release|Any CPU.Build.0 = Release|Any CPU
		{26BB79A6-0230-4822-B498-6312F406A790}.Debug|Any CPU.ActiveCfg = Debug|Any CPU
		{26BB79A6-0230-4822-B498-6312F406A790}.Debug|Any CPU.Build.0 = Debug|Any CPU
		{26BB79A6-0230-4822-B498-6312F406A790}.Release|Any CPU.ActiveCfg = Release|Any CPU
		{26BB79A6-0230-4822-B498-6312F406A790}.Release|Any CPU.Build.0 = Release|Any CPU
		{A5014283-6F44-49FE-A4B7-7B31185768CF}.Debug|Any CPU.ActiveCfg = Debug|Any CPU
		{A5014283-6F44-49FE-A4B7-7B31185768CF}.Debug|Any CPU.Build.0 = Debug|Any CPU
		{A5014283-6F44-49FE-A4B7-7B31185768CF}.Release|Any CPU.ActiveCfg = Release|Any CPU
		{A5014283-6F44-49FE-A4B7-7B31185768CF}.Release|Any CPU.Build.0 = Release|Any CPU
		{A7F6939B-5160-410C-95C5-9D244CDF7555}.Debug|Any CPU.ActiveCfg = Debug|Any CPU
		{A7F6939B-5160-410C-95C5-9D244CDF7555}.Debug|Any CPU.Build.0 = Debug|Any CPU
		{A7F6939B-5160-410C-95C5-9D244CDF7555}.Release|Any CPU.ActiveCfg = Release|Any CPU
		{A7F6939B-5160-410C-95C5-9D244CDF7555}.Release|Any CPU.Build.0 = Release|Any CPU
		{2A0C7133-80B8-4834-8F0B-4A52B0DBCAC2}.Debug|Any CPU.ActiveCfg = Debug|Any CPU
		{2A0C7133-80B8-4834-8F0B-4A52B0DBCAC2}.Debug|Any CPU.Build.0 = Debug|Any CPU
		{2A0C7133-80B8-4834-8F0B-4A52B0DBCAC2}.Release|Any CPU.ActiveCfg = Release|Any CPU
		{2A0C7133-80B8-4834-8F0B-4A52B0DBCAC2}.Release|Any CPU.Build.0 = Release|Any CPU
		{32FC84D9-F1E5-459C-8A32-07D4822BFEFD}.Debug|Any CPU.ActiveCfg = Debug|Any CPU
		{32FC84D9-F1E5-459C-8A32-07D4822BFEFD}.Debug|Any CPU.Build.0 = Debug|Any CPU
		{32FC84D9-F1E5-459C-8A32-07D4822BFEFD}.Release|Any CPU.ActiveCfg = Release|Any CPU
		{32FC84D9-F1E5-459C-8A32-07D4822BFEFD}.Release|Any CPU.Build.0 = Release|Any CPU
		{7653CCA9-26D1-4DAA-A2DA-EA6B1F369882}.Debug|Any CPU.ActiveCfg = Debug|Any CPU
		{7653CCA9-26D1-4DAA-A2DA-EA6B1F369882}.Debug|Any CPU.Build.0 = Debug|Any CPU
		{7653CCA9-26D1-4DAA-A2DA-EA6B1F369882}.Release|Any CPU.ActiveCfg = Release|Any CPU
		{7653CCA9-26D1-4DAA-A2DA-EA6B1F369882}.Release|Any CPU.Build.0 = Release|Any CPU
		{64649B5C-980C-4FA2-846C-B64579D28522}.Debug|Any CPU.ActiveCfg = Debug|Any CPU
		{64649B5C-980C-4FA2-846C-B64579D28522}.Debug|Any CPU.Build.0 = Debug|Any CPU
		{64649B5C-980C-4FA2-846C-B64579D28522}.Release|Any CPU.ActiveCfg = Release|Any CPU
		{64649B5C-980C-4FA2-846C-B64579D28522}.Release|Any CPU.Build.0 = Release|Any CPU
		{864C4FDD-94CE-48E2-976B-AE660EFC774B}.Debug|Any CPU.ActiveCfg = Debug|Any CPU
		{864C4FDD-94CE-48E2-976B-AE660EFC774B}.Debug|Any CPU.Build.0 = Debug|Any CPU
		{864C4FDD-94CE-48E2-976B-AE660EFC774B}.Release|Any CPU.ActiveCfg = Release|Any CPU
		{864C4FDD-94CE-48E2-976B-AE660EFC774B}.Release|Any CPU.Build.0 = Release|Any CPU
	EndGlobalSection
	GlobalSection(NestedProjects) = preSolution
		{64649B5C-980C-4FA2-846C-B64579D28522} = {CBF8B0D1-BBD8-4ED5-BDFE-F5EDFD08D5C3}
		{864C4FDD-94CE-48E2-976B-AE660EFC774B} = {CBF8B0D1-BBD8-4ED5-BDFE-F5EDFD08D5C3}
		{553B103D-9172-4B4E-B7CB-52B41C16B4F5} = {CBF8B0D1-BBD8-4ED5-BDFE-F5EDFD08D5C3}
	EndGlobalSection
EndGlobal
