
Microsoft Visual Studio Solution File, Format Version 12.00
Project("{FAE04EC0-301F-11D3-BF4B-00C04F79EFBC}") = "Cqrs.Simple", "Cqrs.Simple\Cqrs.Simple.csproj", "{C9F369FB-AD76-4652-B6E2-5C329CDD9D83}"
EndProject
Project("{2150E333-8FDC-42A3-9474-1A3956D46DE8}") = "Core", "Core", "{E9645C43-8B2B-4F8E-A337-54904C1A9246}"
EndProject
Project("{FAE04EC0-301F-11D3-BF4B-00C04F79EFBC}") = "Cqrs.Domain", "Cqrs.Domain\Cqrs.Domain.csproj", "{0AD77CF1-50DD-4452-8DE9-473D854F1779}"
EndProject
Project("{FAE04EC0-301F-11D3-BF4B-00C04F79EFBC}") = "Cqrs.CommandHandlers", "Cqrs.CommandHandlers\Cqrs.CommandHandlers.csproj", "{7B93D0B7-C13D-4FE3-B898-A269365FDD62}"
EndProject
Project("{FAE04EC0-301F-11D3-BF4B-00C04F79EFBC}") = "Cqrs.QueryHandlers", "Cqrs.QueryHandlers\Cqrs.QueryHandlers.csproj", "{F50C0703-ADC1-4102-A355-E383B1D9D759}"
EndProject
Project("{2150E333-8FDC-42A3-9474-1A3956D46DE8}") = "Dal", "Dal", "{A8E688B6-E0F1-4392-A1FA-0A78408F6FE4}"
EndProject
Project("{FAE04EC0-301F-11D3-BF4B-00C04F79EFBC}") = "Ef.Dal", "Ef.Dal\Ef.Dal.csproj", "{F1CAC8F1-0AF4-4501-BE4E-D0C5E7468F9F}"
EndProject
Project("{2150E333-8FDC-42A3-9474-1A3956D46DE8}") = "Infrastructure", "Infrastructure", "{FF34A3D1-BE94-4C03-9986-BB030B1396F2}"
EndProject
Project("{FAE04EC0-301F-11D3-BF4B-00C04F79EFBC}") = "Web.Infrastructure", "Web.Infrastructure\Web.Infrastructure.csproj", "{69161671-CC5B-4A03-A609-CE3038C455E7}"
EndProject
Project("{FAE04EC0-301F-11D3-BF4B-00C04F79EFBC}") = "Cqrs.EventHandlers", "Cqrs.EventHandlers\Cqrs.EventHandlers.csproj", "{C166D575-66EE-4176-8E74-569054B06D63}"
EndProject
Project("{2150E333-8FDC-42A3-9474-1A3956D46DE8}") = "Presentation", "Presentation", "{A98B8406-6483-47D4-BF44-0510AACEE74F}"
EndProject
Global
	GlobalSection(SolutionConfigurationPlatforms) = preSolution
		Debug|Any CPU = Debug|Any CPU
		Release|Any CPU = Release|Any CPU
	EndGlobalSection
	GlobalSection(ProjectConfigurationPlatforms) = postSolution
		{C9F369FB-AD76-4652-B6E2-5C329CDD9D83}.Debug|Any CPU.ActiveCfg = Debug|Any CPU
		{C9F369FB-AD76-4652-B6E2-5C329CDD9D83}.Debug|Any CPU.Build.0 = Debug|Any CPU
		{C9F369FB-AD76-4652-B6E2-5C329CDD9D83}.Release|Any CPU.ActiveCfg = Release|Any CPU
		{C9F369FB-AD76-4652-B6E2-5C329CDD9D83}.Release|Any CPU.Build.0 = Release|Any CPU
		{0AD77CF1-50DD-4452-8DE9-473D854F1779}.Debug|Any CPU.ActiveCfg = Debug|Any CPU
		{0AD77CF1-50DD-4452-8DE9-473D854F1779}.Debug|Any CPU.Build.0 = Debug|Any CPU
		{0AD77CF1-50DD-4452-8DE9-473D854F1779}.Release|Any CPU.ActiveCfg = Release|Any CPU
		{0AD77CF1-50DD-4452-8DE9-473D854F1779}.Release|Any CPU.Build.0 = Release|Any CPU
		{7B93D0B7-C13D-4FE3-B898-A269365FDD62}.Debug|Any CPU.ActiveCfg = Debug|Any CPU
		{7B93D0B7-C13D-4FE3-B898-A269365FDD62}.Debug|Any CPU.Build.0 = Debug|Any CPU
		{7B93D0B7-C13D-4FE3-B898-A269365FDD62}.Release|Any CPU.ActiveCfg = Release|Any CPU
		{7B93D0B7-C13D-4FE3-B898-A269365FDD62}.Release|Any CPU.Build.0 = Release|Any CPU
		{F50C0703-ADC1-4102-A355-E383B1D9D759}.Debug|Any CPU.ActiveCfg = Debug|Any CPU
		{F50C0703-ADC1-4102-A355-E383B1D9D759}.Debug|Any CPU.Build.0 = Debug|Any CPU
		{F50C0703-ADC1-4102-A355-E383B1D9D759}.Release|Any CPU.ActiveCfg = Release|Any CPU
		{F50C0703-ADC1-4102-A355-E383B1D9D759}.Release|Any CPU.Build.0 = Release|Any CPU
		{F1CAC8F1-0AF4-4501-BE4E-D0C5E7468F9F}.Debug|Any CPU.ActiveCfg = Debug|Any CPU
		{F1CAC8F1-0AF4-4501-BE4E-D0C5E7468F9F}.Debug|Any CPU.Build.0 = Debug|Any CPU
		{F1CAC8F1-0AF4-4501-BE4E-D0C5E7468F9F}.Release|Any CPU.ActiveCfg = Release|Any CPU
		{F1CAC8F1-0AF4-4501-BE4E-D0C5E7468F9F}.Release|Any CPU.Build.0 = Release|Any CPU
		{69161671-CC5B-4A03-A609-CE3038C455E7}.Debug|Any CPU.ActiveCfg = Debug|Any CPU
		{69161671-CC5B-4A03-A609-CE3038C455E7}.Debug|Any CPU.Build.0 = Debug|Any CPU
		{69161671-CC5B-4A03-A609-CE3038C455E7}.Release|Any CPU.ActiveCfg = Release|Any CPU
		{69161671-CC5B-4A03-A609-CE3038C455E7}.Release|Any CPU.Build.0 = Release|Any CPU
		{C166D575-66EE-4176-8E74-569054B06D63}.Debug|Any CPU.ActiveCfg = Debug|Any CPU
		{C166D575-66EE-4176-8E74-569054B06D63}.Debug|Any CPU.Build.0 = Debug|Any CPU
		{C166D575-66EE-4176-8E74-569054B06D63}.Release|Any CPU.ActiveCfg = Release|Any CPU
		{C166D575-66EE-4176-8E74-569054B06D63}.Release|Any CPU.Build.0 = Release|Any CPU
	EndGlobalSection
	GlobalSection(NestedProjects) = preSolution
		{0AD77CF1-50DD-4452-8DE9-473D854F1779} = {E9645C43-8B2B-4F8E-A337-54904C1A9246}
		{7B93D0B7-C13D-4FE3-B898-A269365FDD62} = {E9645C43-8B2B-4F8E-A337-54904C1A9246}
		{F50C0703-ADC1-4102-A355-E383B1D9D759} = {E9645C43-8B2B-4F8E-A337-54904C1A9246}
		{A8E688B6-E0F1-4392-A1FA-0A78408F6FE4} = {E9645C43-8B2B-4F8E-A337-54904C1A9246}
		{F1CAC8F1-0AF4-4501-BE4E-D0C5E7468F9F} = {A8E688B6-E0F1-4392-A1FA-0A78408F6FE4}
		{FF34A3D1-BE94-4C03-9986-BB030B1396F2} = {E9645C43-8B2B-4F8E-A337-54904C1A9246}
		{69161671-CC5B-4A03-A609-CE3038C455E7} = {FF34A3D1-BE94-4C03-9986-BB030B1396F2}
		{C166D575-66EE-4176-8E74-569054B06D63} = {E9645C43-8B2B-4F8E-A337-54904C1A9246}
		{C9F369FB-AD76-4652-B6E2-5C329CDD9D83} = {A98B8406-6483-47D4-BF44-0510AACEE74F}
	EndGlobalSection
EndGlobal
