
Microsoft Visual Studio Solution File, Format Version 12.00
Project("{2150E333-8FDC-42A3-9474-1A3956D46DE8}") = "Core", "Core", "{1380962F-097F-47AC-92FE-6A1764A8EB23}"
EndProject
Project("{2150E333-8FDC-42A3-9474-1A3956D46DE8}") = "Presentation", "Presentation", "{F558CC31-4A85-4061-B696-8108DE1B8864}"
EndProject
Project("{FAE04EC0-301F-11D3-BF4B-00C04F79EFBC}") = "Identity.Dal", "Identity.Dal\Identity.Dal.csproj", "{F6B13BDF-5688-43E1-BF20-FA051F59B54D}"
EndProject
Project("{2150E333-8FDC-42A3-9474-1A3956D46DE8}") = "Dal", "Dal", "{1EE9EE82-339F-433F-A46F-8DE49D404E66}"
EndProject
Project("{FAE04EC0-301F-11D3-BF4B-00C04F79EFBC}") = "Identity.Domain", "Identity.Domain\Identity.Domain.csproj", "{0EA853D4-F22A-46D8-8774-0A8BFB68CC26}"
EndProject
Project("{FAE04EC0-301F-11D3-BF4B-00C04F79EFBC}") = "Identity.Simple", "Identity.Simple\Identity.Simple.csproj", "{F3EAD42E-66D6-4FDA-9052-9913A50FA521}"
EndProject
Project("{FAE04EC0-301F-11D3-BF4B-00C04F79EFBC}") = "Identity.QueryHandlers", "Identity.QueryHandlers\Identity.QueryHandlers.csproj", "{5B37A7C4-31E3-443C-9700-687CEBEDF93D}"
EndProject
Project("{FAE04EC0-301F-11D3-BF4B-00C04F79EFBC}") = "Identity.CommandHandlers", "Identity.CommandHandlers\Identity.CommandHandlers.csproj", "{2999CE40-8C8B-4463-8FFA-D533E4B67F8B}"
EndProject
Project("{2150E333-8FDC-42A3-9474-1A3956D46DE8}") = "Infrastructure", "Infrastructure", "{3C1BA0D0-03E4-456D-86AE-3F96A9AE1B20}"
EndProject
Project("{FAE04EC0-301F-11D3-BF4B-00C04F79EFBC}") = "Web.Infrastructure", "..\cqrs\Web.Infrastructure\Web.Infrastructure.csproj", "{F9489216-48A1-4C9C-A6C7-52DF11C21409}"
EndProject
Global
	GlobalSection(SolutionConfigurationPlatforms) = preSolution
		Debug|Any CPU = Debug|Any CPU
		Release|Any CPU = Release|Any CPU
	EndGlobalSection
	GlobalSection(NestedProjects) = preSolution
		{1EE9EE82-339F-433F-A46F-8DE49D404E66} = {1380962F-097F-47AC-92FE-6A1764A8EB23}
		{F6B13BDF-5688-43E1-BF20-FA051F59B54D} = {1EE9EE82-339F-433F-A46F-8DE49D404E66}
		{0EA853D4-F22A-46D8-8774-0A8BFB68CC26} = {1380962F-097F-47AC-92FE-6A1764A8EB23}
		{F3EAD42E-66D6-4FDA-9052-9913A50FA521} = {F558CC31-4A85-4061-B696-8108DE1B8864}
		{5B37A7C4-31E3-443C-9700-687CEBEDF93D} = {1380962F-097F-47AC-92FE-6A1764A8EB23}
		{2999CE40-8C8B-4463-8FFA-D533E4B67F8B} = {1380962F-097F-47AC-92FE-6A1764A8EB23}
		{3C1BA0D0-03E4-456D-86AE-3F96A9AE1B20} = {1380962F-097F-47AC-92FE-6A1764A8EB23}
		{F9489216-48A1-4C9C-A6C7-52DF11C21409} = {3C1BA0D0-03E4-456D-86AE-3F96A9AE1B20}
	EndGlobalSection
	GlobalSection(ProjectConfigurationPlatforms) = postSolution
		{F6B13BDF-5688-43E1-BF20-FA051F59B54D}.Debug|Any CPU.ActiveCfg = Debug|Any CPU
		{F6B13BDF-5688-43E1-BF20-FA051F59B54D}.Debug|Any CPU.Build.0 = Debug|Any CPU
		{F6B13BDF-5688-43E1-BF20-FA051F59B54D}.Release|Any CPU.ActiveCfg = Release|Any CPU
		{F6B13BDF-5688-43E1-BF20-FA051F59B54D}.Release|Any CPU.Build.0 = Release|Any CPU
		{0EA853D4-F22A-46D8-8774-0A8BFB68CC26}.Debug|Any CPU.ActiveCfg = Debug|Any CPU
		{0EA853D4-F22A-46D8-8774-0A8BFB68CC26}.Debug|Any CPU.Build.0 = Debug|Any CPU
		{0EA853D4-F22A-46D8-8774-0A8BFB68CC26}.Release|Any CPU.ActiveCfg = Release|Any CPU
		{0EA853D4-F22A-46D8-8774-0A8BFB68CC26}.Release|Any CPU.Build.0 = Release|Any CPU
		{F3EAD42E-66D6-4FDA-9052-9913A50FA521}.Debug|Any CPU.ActiveCfg = Debug|Any CPU
		{F3EAD42E-66D6-4FDA-9052-9913A50FA521}.Debug|Any CPU.Build.0 = Debug|Any CPU
		{F3EAD42E-66D6-4FDA-9052-9913A50FA521}.Release|Any CPU.ActiveCfg = Release|Any CPU
		{F3EAD42E-66D6-4FDA-9052-9913A50FA521}.Release|Any CPU.Build.0 = Release|Any CPU
		{5B37A7C4-31E3-443C-9700-687CEBEDF93D}.Debug|Any CPU.ActiveCfg = Debug|Any CPU
		{5B37A7C4-31E3-443C-9700-687CEBEDF93D}.Debug|Any CPU.Build.0 = Debug|Any CPU
		{5B37A7C4-31E3-443C-9700-687CEBEDF93D}.Release|Any CPU.ActiveCfg = Release|Any CPU
		{5B37A7C4-31E3-443C-9700-687CEBEDF93D}.Release|Any CPU.Build.0 = Release|Any CPU
		{2999CE40-8C8B-4463-8FFA-D533E4B67F8B}.Debug|Any CPU.ActiveCfg = Debug|Any CPU
		{2999CE40-8C8B-4463-8FFA-D533E4B67F8B}.Debug|Any CPU.Build.0 = Debug|Any CPU
		{2999CE40-8C8B-4463-8FFA-D533E4B67F8B}.Release|Any CPU.ActiveCfg = Release|Any CPU
		{2999CE40-8C8B-4463-8FFA-D533E4B67F8B}.Release|Any CPU.Build.0 = Release|Any CPU
		{F9489216-48A1-4C9C-A6C7-52DF11C21409}.Debug|Any CPU.ActiveCfg = Debug|Any CPU
		{F9489216-48A1-4C9C-A6C7-52DF11C21409}.Debug|Any CPU.Build.0 = Debug|Any CPU
		{F9489216-48A1-4C9C-A6C7-52DF11C21409}.Release|Any CPU.ActiveCfg = Release|Any CPU
		{F9489216-48A1-4C9C-A6C7-52DF11C21409}.Release|Any CPU.Build.0 = Release|Any CPU
	EndGlobalSection
EndGlobal
